
Microsoft Visual Studio Solution File, Format Version 12.00
# Visual Studio 15
VisualStudioVersion = 15.0.28307.106
MinimumVisualStudioVersion = 10.0.40219.1
Project("{9A19103F-16F7-4668-BE54-9A1E7A4F7556}") = "Ecommerce", "Ecommerce.csproj", "{18E8D205-5B95-4D1D-A529-0484FB646301}"
EndProject
Global
	GlobalSection(SolutionConfigurationPlatforms) = preSolution
		Debug|Any CPU = Debug|Any CPU
		Release|Any CPU = Release|Any CPU
	EndGlobalSection
	GlobalSection(ProjectConfigurationPlatforms) = postSolution
		{18E8D205-5B95-4D1D-A529-0484FB646301}.Debug|Any CPU.ActiveCfg = Debug|Any CPU
		{18E8D205-5B95-4D1D-A529-0484FB646301}.Debug|Any CPU.Build.0 = Debug|Any CPU
		{18E8D205-5B95-4D1D-A529-0484FB646301}.Release|Any CPU.ActiveCfg = Release|Any CPU
		{18E8D205-5B95-4D1D-A529-0484FB646301}.Release|Any CPU.Build.0 = Release|Any CPU
	EndGlobalSection
	GlobalSection(SolutionProperties) = preSolution
		HideSolutionNode = FALSE
	EndGlobalSection
	GlobalSection(ExtensibilityGlobals) = postSolution
		SolutionGuid = {1ECB5E09-2F26-4F56-AF3E-B16B1B184542}
		VisualSVNWorkingCopyRoot = .
	EndGlobalSection
EndGlobal
